
Microsoft Visual Studio Solution File, Format Version 12.00
# Visual Studio Version 17
VisualStudioVersion = 17.12.35506.116 d17.12
MinimumVisualStudioVersion = 10.0.40219.1
Project("{FAE04EC0-301F-11D3-BF4B-00C04F79EFBC}") = "Progressive_Tax", "Progressive_Tax.csproj", "{36FDB21E-A5DD-4BEE-9188-0429109A1DEF}"
EndProject
Global
	GlobalSection(SolutionConfigurationPlatforms) = preSolution
		Debug|Any CPU = Debug|Any CPU
		Release|Any CPU = Release|Any CPU
	EndGlobalSection
	GlobalSection(ProjectConfigurationPlatforms) = postSolution
		{36FDB21E-A5DD-4BEE-9188-0429109A1DEF}.Debug|Any CPU.ActiveCfg = Debug|Any CPU
		{36FDB21E-A5DD-4BEE-9188-0429109A1DEF}.Debug|Any CPU.Build.0 = Debug|Any CPU
		{36FDB21E-A5DD-4BEE-9188-0429109A1DEF}.Release|Any CPU.ActiveCfg = Release|Any CPU
		{36FDB21E-A5DD-4BEE-9188-0429109A1DEF}.Release|Any CPU.Build.0 = Release|Any CPU
	EndGlobalSection
	GlobalSection(SolutionProperties) = preSolution
		HideSolutionNode = FALSE
	EndGlobalSection
EndGlobal
